
Microsoft Visual Studio Solution File, Format Version 12.00
# Visual Studio Version 17
VisualStudioVersion = 17.3.32929.385
MinimumVisualStudioVersion = 10.0.40219.1
Project("{FAE04EC0-301F-11D3-BF4B-00C04F79EFBC}") = "capybara", "capybara\capybara.csproj", "{9BB85887-3EB8-41F9-94A7-207AAC1B501C}"
EndProject
Global
	GlobalSection(SolutionConfigurationPlatforms) = preSolution
		Debug|Any CPU = Debug|Any CPU
		Release|Any CPU = Release|Any CPU
	EndGlobalSection
	GlobalSection(ProjectConfigurationPlatforms) = postSolution
		{9BB85887-3EB8-41F9-94A7-207AAC1B501C}.Debug|Any CPU.ActiveCfg = Debug|Any CPU
		{9BB85887-3EB8-41F9-94A7-207AAC1B501C}.Debug|Any CPU.Build.0 = Debug|Any CPU
		{9BB85887-3EB8-41F9-94A7-207AAC1B501C}.Release|Any CPU.ActiveCfg = Release|Any CPU
		{9BB85887-3EB8-41F9-94A7-207AAC1B501C}.Release|Any CPU.Build.0 = Release|Any CPU
	EndGlobalSection
	GlobalSection(SolutionProperties) = preSolution
		HideSolutionNode = FALSE
	EndGlobalSection
	GlobalSection(ExtensibilityGlobals) = postSolution
		SolutionGuid = {73523A92-2D0C-461A-97B9-1175EE8BA731}
	EndGlobalSection
EndGlobal
